
Microsoft Visual Studio Solution File, Format Version 12.00
# Visual Studio 15
VisualStudioVersion = 15.0.26730.10
MinimumVisualStudioVersion = 10.0.40219.1
Project("{FAE04EC0-301F-11D3-BF4B-00C04F79EFBC}") = "CryptoDigest", "CryptoDigest\CryptoDigest.csproj", "{616123B4-748E-4123-8F4B-57947CAB1BCC}"
EndProject
Project("{FAE04EC0-301F-11D3-BF4B-00C04F79EFBC}") = "CryptoDigest.Console", "CryptoDigest.Console\CryptoDigest.Console.csproj", "{BABA0655-A3EF-4ED8-BA35-D71D6F23CA2C}"
EndProject
Global
	GlobalSection(SolutionConfigurationPlatforms) = preSolution
		Debug|Any CPU = Debug|Any CPU
		Release|Any CPU = Release|Any CPU
	EndGlobalSection
	GlobalSection(ProjectConfigurationPlatforms) = postSolution
		{616123B4-748E-4123-8F4B-57947CAB1BCC}.Debug|Any CPU.ActiveCfg = Debug|Any CPU
		{616123B4-748E-4123-8F4B-57947CAB1BCC}.Debug|Any CPU.Build.0 = Debug|Any CPU
		{616123B4-748E-4123-8F4B-57947CAB1BCC}.Release|Any CPU.ActiveCfg = Release|Any CPU
		{616123B4-748E-4123-8F4B-57947CAB1BCC}.Release|Any CPU.Build.0 = Release|Any CPU
		{BABA0655-A3EF-4ED8-BA35-D71D6F23CA2C}.Debug|Any CPU.ActiveCfg = Debug|Any CPU
		{BABA0655-A3EF-4ED8-BA35-D71D6F23CA2C}.Debug|Any CPU.Build.0 = Debug|Any CPU
		{BABA0655-A3EF-4ED8-BA35-D71D6F23CA2C}.Release|Any CPU.ActiveCfg = Release|Any CPU
		{BABA0655-A3EF-4ED8-BA35-D71D6F23CA2C}.Release|Any CPU.Build.0 = Release|Any CPU
	EndGlobalSection
	GlobalSection(SolutionProperties) = preSolution
		HideSolutionNode = FALSE
	EndGlobalSection
	GlobalSection(ExtensibilityGlobals) = postSolution
		SolutionGuid = {05803880-47DF-4609-A3F7-2C999CDB3874}
	EndGlobalSection
EndGlobal
